// !$*UTF8*$!
{
	archiveVersion = 1;
	classes = {
	};
	objectVersion = 46;
	objects = {

/* Begin PBXBuildFile section */
		33DAD8321BF42AAE000BB581 /* EpisodeCell.swift in Sources */ = {isa = PBXBuildFile; fileRef = 33DAD8311BF42AAE000BB581 /* EpisodeCell.swift */; };
		33DAD8391BF805BC000BB581 /* NearMe-100.png in Resources */ = {isa = PBXBuildFile; fileRef = 33DAD8351BF805BC000BB581 /* NearMe-100.png */; };
		33DAD83A1BF805BD000BB581 /* NearMe.png in Resources */ = {isa = PBXBuildFile; fileRef = 33DAD8361BF805BC000BB581 /* NearMe.png */; };
		33DAD83B1BF805BD000BB581 /* NearMe@2x.png in Resources */ = {isa = PBXBuildFile; fileRef = 33DAD8371BF805BC000BB581 /* NearMe@2x.png */; };
		33DAD83C1BF805BD000BB581 /* NearMe@3x.png in Resources */ = {isa = PBXBuildFile; fileRef = 33DAD8381BF805BC000BB581 /* NearMe@3x.png */; };
		33DAD8411BF80671000BB581 /* Play-100.png in Resources */ = {isa = PBXBuildFile; fileRef = 33DAD83D1BF80671000BB581 /* Play-100.png */; };
		33DAD8421BF80671000BB581 /* Play.png in Resources */ = {isa = PBXBuildFile; fileRef = 33DAD83E1BF80671000BB581 /* Play.png */; };
		33DAD8431BF80671000BB581 /* Play@2x.png in Resources */ = {isa = PBXBuildFile; fileRef = 33DAD83F1BF80671000BB581 /* Play@2x.png */; };
		33DAD8441BF80671000BB581 /* Play@3x.png in Resources */ = {isa = PBXBuildFile; fileRef = 33DAD8401BF80671000BB581 /* Play@3x.png */; };
		33DAD8491BF80679000BB581 /* Audio File-100.png in Resources */ = {isa = PBXBuildFile; fileRef = 33DAD8451BF80679000BB581 /* Audio File-100.png */; };
		33DAD84A1BF80679000BB581 /* AudioFile.png in Resources */ = {isa = PBXBuildFile; fileRef = 33DAD8461BF80679000BB581 /* AudioFile.png */; };
		33DAD84B1BF80679000BB581 /* AudioFile@2x.png in Resources */ = {isa = PBXBuildFile; fileRef = 33DAD8471BF80679000BB581 /* AudioFile@2x.png */; };
		33DAD84C1BF80679000BB581 /* AudioFile@3x.png in Resources */ = {isa = PBXBuildFile; fileRef = 33DAD8481BF80679000BB581 /* AudioFile@3x.png */; };
		33DAD84E1BF80DFB000BB581 /* NoPodcastsCell.swift in Sources */ = {isa = PBXBuildFile; fileRef = 33DAD84D1BF80DFB000BB581 /* NoPodcastsCell.swift */; };
		33DAD8501BFAB599000BB581 /* TaggedEpisodeCell.swift in Sources */ = {isa = PBXBuildFile; fileRef = 33DAD84F1BFAB599000BB581 /* TaggedEpisodeCell.swift */; };
		33DAD8521BFBAB9E000BB581 /* Reachability.swift in Sources */ = {isa = PBXBuildFile; fileRef = 33DAD8511BFBAB9E000BB581 /* Reachability.swift */; };
		A11FD3121BEC05D500A83FDB /* AppDelegate.swift in Sources */ = {isa = PBXBuildFile; fileRef = A11FD3111BEC05D500A83FDB /* AppDelegate.swift */; };
		A11FD3171BEC05D500A83FDB /* Main.storyboard in Resources */ = {isa = PBXBuildFile; fileRef = A11FD3151BEC05D500A83FDB /* Main.storyboard */; };
		A11FD3191BEC05D500A83FDB /* Images.xcassets in Resources */ = {isa = PBXBuildFile; fileRef = A11FD3181BEC05D500A83FDB /* Images.xcassets */; };
		A11FD31C1BEC05D500A83FDB /* LaunchScreen.xib in Resources */ = {isa = PBXBuildFile; fileRef = A11FD31A1BEC05D500A83FDB /* LaunchScreen.xib */; };
		A11FD3281BEC05D500A83FDB /* GeocastTests.swift in Sources */ = {isa = PBXBuildFile; fileRef = A11FD3271BEC05D500A83FDB /* GeocastTests.swift */; };
		A11FD3341BEC068900A83FDB /* MainTabController.swift in Sources */ = {isa = PBXBuildFile; fileRef = A11FD3331BEC068900A83FDB /* MainTabController.swift */; };
		A11FD3361BEC070800A83FDB /* PlayerViewController.swift in Sources */ = {isa = PBXBuildFile; fileRef = A11FD3351BEC070800A83FDB /* PlayerViewController.swift */; };
		A11FD3381BEC077500A83FDB /* PodcastsViewController.swift in Sources */ = {isa = PBXBuildFile; fileRef = A11FD3371BEC077500A83FDB /* PodcastsViewController.swift */; };
		A11FD33A1BEC317E00A83FDB /* APIController.swift in Sources */ = {isa = PBXBuildFile; fileRef = A11FD3391BEC317E00A83FDB /* APIController.swift */; };
		A11FD33C1BEC330600A83FDB /* Podcast.swift in Sources */ = {isa = PBXBuildFile; fileRef = A11FD33B1BEC330600A83FDB /* Podcast.swift */; };
		A11FD33E1BEC39EA00A83FDB /* EpisodesViewController.swift in Sources */ = {isa = PBXBuildFile; fileRef = A11FD33D1BEC39EA00A83FDB /* EpisodesViewController.swift */; };
		A11FD3401BEFEB9600A83FDB /* Episode.swift in Sources */ = {isa = PBXBuildFile; fileRef = A11FD33F1BEFEB9600A83FDB /* Episode.swift */; };
		A11FD3421BF0032500A83FDB /* PodcastSearchViewController.swift in Sources */ = {isa = PBXBuildFile; fileRef = A11FD3411BF0032500A83FDB /* PodcastSearchViewController.swift */; };
		A11FD3441BF0154D00A83FDB /* PodcastCell.swift in Sources */ = {isa = PBXBuildFile; fileRef = A11FD3431BF0154D00A83FDB /* PodcastCell.swift */; };
		A11FD3461BF10E8C00A83FDB /* MediaPlayer.framework in Frameworks */ = {isa = PBXBuildFile; fileRef = A11FD3451BF10E8C00A83FDB /* MediaPlayer.framework */; };
		A11FD3481BF12DF500A83FDB /* MapViewController.swift in Sources */ = {isa = PBXBuildFile; fileRef = A11FD3471BF12DF500A83FDB /* MapViewController.swift */; };
		A11FD34A1BF12EF300A83FDB /* MapEpisodeAnnotation.swift in Sources */ = {isa = PBXBuildFile; fileRef = A11FD3491BF12EF300A83FDB /* MapEpisodeAnnotation.swift */; };
		A18035881BF17363003BC7F5 /* User.swift in Sources */ = {isa = PBXBuildFile; fileRef = A18035871BF17363003BC7F5 /* User.swift */; };
		A180358A1BF27BC1003BC7F5 /* TagLocationController.swift in Sources */ = {isa = PBXBuildFile; fileRef = A18035891BF27BC1003BC7F5 /* TagLocationController.swift */; };
		A180358C1BF29F22003BC7F5 /* TagManager.swift in Sources */ = {isa = PBXBuildFile; fileRef = A180358B1BF29F22003BC7F5 /* TagManager.swift */; };
		A180358E1BF2AE0F003BC7F5 /* PodcastPlayer.swift in Sources */ = {isa = PBXBuildFile; fileRef = A180358D1BF2AE0F003BC7F5 /* PodcastPlayer.swift */; };
		A18035941BF2B677003BC7F5 /* AudioToolbox.framework in Frameworks */ = {isa = PBXBuildFile; fileRef = A18035931BF2B677003BC7F5 /* AudioToolbox.framework */; };
		A18035961BF2B67F003BC7F5 /* CFNetwork.framework in Frameworks */ = {isa = PBXBuildFile; fileRef = A18035951BF2B67F003BC7F5 /* CFNetwork.framework */; };
		A18035981BF2B685003BC7F5 /* CoreGraphics.framework in Frameworks */ = {isa = PBXBuildFile; fileRef = A18035971BF2B685003BC7F5 /* CoreGraphics.framework */; };
		A180359A1BF2B68B003BC7F5 /* CoreLocation.framework in Frameworks */ = {isa = PBXBuildFile; fileRef = A18035991BF2B68B003BC7F5 /* CoreLocation.framework */; };
		A180359C1BF2B692003BC7F5 /* QuartzCore.framework in Frameworks */ = {isa = PBXBuildFile; fileRef = A180359B1BF2B692003BC7F5 /* QuartzCore.framework */; };
		A180359E1BF2B69A003BC7F5 /* Security.framework in Frameworks */ = {isa = PBXBuildFile; fileRef = A180359D1BF2B69A003BC7F5 /* Security.framework */; };
		A18035A01BF2B69F003BC7F5 /* StoreKit.framework in Frameworks */ = {isa = PBXBuildFile; fileRef = A180359F1BF2B69F003BC7F5 /* StoreKit.framework */; };
		A18035A21BF2B6A7003BC7F5 /* SystemConfiguration.framework in Frameworks */ = {isa = PBXBuildFile; fileRef = A18035A11BF2B6A7003BC7F5 /* SystemConfiguration.framework */; };
		A18035A41BF2B6AE003BC7F5 /* libz.tbd in Frameworks */ = {isa = PBXBuildFile; fileRef = A18035A31BF2B6AE003BC7F5 /* libz.tbd */; };
		A18035A61BF2B6B6003BC7F5 /* libsqlite3.tbd in Frameworks */ = {isa = PBXBuildFile; fileRef = A18035A51BF2B6B6003BC7F5 /* libsqlite3.tbd */; };
		A19873631BF80488001A16EA /* MapPopupView.swift in Sources */ = {isa = PBXBuildFile; fileRef = A19873621BF80488001A16EA /* MapPopupView.swift */; };
		A1BF69801BF3EF7800DF6B7C /* LocationCell.swift in Sources */ = {isa = PBXBuildFile; fileRef = A1BF697F1BF3EF7800DF6B7C /* LocationCell.swift */; };
		A1D3D9801BF537BA002FE51D /* Subscription.swift in Sources */ = {isa = PBXBuildFile; fileRef = A1D3D97F1BF537BA002FE51D /* Subscription.swift */; };
		A1D3D9821BF68A6E002FE51D /* PodcastSummaryCell.swift in Sources */ = {isa = PBXBuildFile; fileRef = A1D3D9811BF68A6E002FE51D /* PodcastSummaryCell.swift */; };
		A1D3D9841BF7D3EE002FE51D /* MapAnnotationView.swift in Sources */ = {isa = PBXBuildFile; fileRef = A1D3D9831BF7D3EE002FE51D /* MapAnnotationView.swift */; };
		D326565350FA11D3EEF9E566 /* Pods_Geocast.framework in Frameworks */ = {isa = PBXBuildFile; fileRef = C9B42BB3134B9EDF09B1394D /* Pods_Geocast.framework */; settings = {ATTRIBUTES = (Weak, ); }; };
/* End PBXBuildFile section */

/* Begin PBXContainerItemProxy section */
		A11FD3221BEC05D500A83FDB /* PBXContainerItemProxy */ = {
			isa = PBXContainerItemProxy;
			containerPortal = A11FD3041BEC05D500A83FDB /* Project object */;
			proxyType = 1;
			remoteGlobalIDString = A11FD30B1BEC05D500A83FDB;
			remoteInfo = Geocast;
		};
/* End PBXContainerItemProxy section */

/* Begin PBXFileReference section */
		33DAD8311BF42AAE000BB581 /* EpisodeCell.swift */ = {isa = PBXFileReference; fileEncoding = 4; lastKnownFileType = sourcecode.swift; path = EpisodeCell.swift; sourceTree = "<group>"; };
		33DAD8351BF805BC000BB581 /* NearMe-100.png */ = {isa = PBXFileReference; lastKnownFileType = image.png; path = "NearMe-100.png"; sourceTree = "<group>"; };
		33DAD8361BF805BC000BB581 /* NearMe.png */ = {isa = PBXFileReference; lastKnownFileType = image.png; path = NearMe.png; sourceTree = "<group>"; };
		33DAD8371BF805BC000BB581 /* NearMe@2x.png */ = {isa = PBXFileReference; lastKnownFileType = image.png; path = "NearMe@2x.png"; sourceTree = "<group>"; };
		33DAD8381BF805BC000BB581 /* NearMe@3x.png */ = {isa = PBXFileReference; lastKnownFileType = image.png; path = "NearMe@3x.png"; sourceTree = "<group>"; };
		33DAD83D1BF80671000BB581 /* Play-100.png */ = {isa = PBXFileReference; lastKnownFileType = image.png; path = "Play-100.png"; sourceTree = "<group>"; };
		33DAD83E1BF80671000BB581 /* Play.png */ = {isa = PBXFileReference; lastKnownFileType = image.png; path = Play.png; sourceTree = "<group>"; };
		33DAD83F1BF80671000BB581 /* Play@2x.png */ = {isa = PBXFileReference; lastKnownFileType = image.png; path = "Play@2x.png"; sourceTree = "<group>"; };
		33DAD8401BF80671000BB581 /* Play@3x.png */ = {isa = PBXFileReference; lastKnownFileType = image.png; path = "Play@3x.png"; sourceTree = "<group>"; };
		33DAD8451BF80679000BB581 /* Audio File-100.png */ = {isa = PBXFileReference; lastKnownFileType = image.png; path = "Audio File-100.png"; sourceTree = "<group>"; };
		33DAD8461BF80679000BB581 /* AudioFile.png */ = {isa = PBXFileReference; lastKnownFileType = image.png; path = AudioFile.png; sourceTree = "<group>"; };
		33DAD8471BF80679000BB581 /* AudioFile@2x.png */ = {isa = PBXFileReference; lastKnownFileType = image.png; path = "AudioFile@2x.png"; sourceTree = "<group>"; };
		33DAD8481BF80679000BB581 /* AudioFile@3x.png */ = {isa = PBXFileReference; lastKnownFileType = image.png; path = "AudioFile@3x.png"; sourceTree = "<group>"; };
		33DAD84D1BF80DFB000BB581 /* NoPodcastsCell.swift */ = {isa = PBXFileReference; fileEncoding = 4; lastKnownFileType = sourcecode.swift; path = NoPodcastsCell.swift; sourceTree = "<group>"; };
		33DAD84F1BFAB599000BB581 /* TaggedEpisodeCell.swift */ = {isa = PBXFileReference; fileEncoding = 4; lastKnownFileType = sourcecode.swift; path = TaggedEpisodeCell.swift; sourceTree = "<group>"; };
		33DAD8511BFBAB9E000BB581 /* Reachability.swift */ = {isa = PBXFileReference; fileEncoding = 4; lastKnownFileType = sourcecode.swift; path = Reachability.swift; sourceTree = "<group>"; };
		A11FD30C1BEC05D500A83FDB /* Geocast.app */ = {isa = PBXFileReference; explicitFileType = wrapper.application; includeInIndex = 0; path = Geocast.app; sourceTree = BUILT_PRODUCTS_DIR; };
		A11FD3101BEC05D500A83FDB /* Info.plist */ = {isa = PBXFileReference; lastKnownFileType = text.plist.xml; path = Info.plist; sourceTree = "<group>"; };
		A11FD3111BEC05D500A83FDB /* AppDelegate.swift */ = {isa = PBXFileReference; lastKnownFileType = sourcecode.swift; path = AppDelegate.swift; sourceTree = "<group>"; };
		A11FD3161BEC05D500A83FDB /* Base */ = {isa = PBXFileReference; lastKnownFileType = file.storyboard; name = Base; path = Base.lproj/Main.storyboard; sourceTree = "<group>"; };
		A11FD3181BEC05D500A83FDB /* Images.xcassets */ = {isa = PBXFileReference; lastKnownFileType = folder.assetcatalog; path = Images.xcassets; sourceTree = "<group>"; };
		A11FD31B1BEC05D500A83FDB /* Base */ = {isa = PBXFileReference; lastKnownFileType = file.xib; name = Base; path = Base.lproj/LaunchScreen.xib; sourceTree = "<group>"; };
		A11FD3211BEC05D500A83FDB /* GeocastTests.xctest */ = {isa = PBXFileReference; explicitFileType = wrapper.cfbundle; includeInIndex = 0; path = GeocastTests.xctest; sourceTree = BUILT_PRODUCTS_DIR; };
		A11FD3261BEC05D500A83FDB /* Info.plist */ = {isa = PBXFileReference; lastKnownFileType = text.plist.xml; path = Info.plist; sourceTree = "<group>"; };
		A11FD3271BEC05D500A83FDB /* GeocastTests.swift */ = {isa = PBXFileReference; lastKnownFileType = sourcecode.swift; path = GeocastTests.swift; sourceTree = "<group>"; };
		A11FD3331BEC068900A83FDB /* MainTabController.swift */ = {isa = PBXFileReference; fileEncoding = 4; lastKnownFileType = sourcecode.swift; path = MainTabController.swift; sourceTree = "<group>"; };
		A11FD3351BEC070800A83FDB /* PlayerViewController.swift */ = {isa = PBXFileReference; fileEncoding = 4; lastKnownFileType = sourcecode.swift; path = PlayerViewController.swift; sourceTree = "<group>"; };
		A11FD3371BEC077500A83FDB /* PodcastsViewController.swift */ = {isa = PBXFileReference; fileEncoding = 4; lastKnownFileType = sourcecode.swift; path = PodcastsViewController.swift; sourceTree = "<group>"; };
		A11FD3391BEC317E00A83FDB /* APIController.swift */ = {isa = PBXFileReference; fileEncoding = 4; lastKnownFileType = sourcecode.swift; path = APIController.swift; sourceTree = "<group>"; };
		A11FD33B1BEC330600A83FDB /* Podcast.swift */ = {isa = PBXFileReference; fileEncoding = 4; lastKnownFileType = sourcecode.swift; path = Podcast.swift; sourceTree = "<group>"; };
		A11FD33D1BEC39EA00A83FDB /* EpisodesViewController.swift */ = {isa = PBXFileReference; fileEncoding = 4; lastKnownFileType = sourcecode.swift; path = EpisodesViewController.swift; sourceTree = "<group>"; };
		A11FD33F1BEFEB9600A83FDB /* Episode.swift */ = {isa = PBXFileReference; fileEncoding = 4; lastKnownFileType = sourcecode.swift; path = Episode.swift; sourceTree = "<group>"; };
		A11FD3411BF0032500A83FDB /* PodcastSearchViewController.swift */ = {isa = PBXFileReference; fileEncoding = 4; lastKnownFileType = sourcecode.swift; path = PodcastSearchViewController.swift; sourceTree = "<group>"; };
		A11FD3431BF0154D00A83FDB /* PodcastCell.swift */ = {isa = PBXFileReference; fileEncoding = 4; lastKnownFileType = sourcecode.swift; path = PodcastCell.swift; sourceTree = "<group>"; };
		A11FD3451BF10E8C00A83FDB /* MediaPlayer.framework */ = {isa = PBXFileReference; lastKnownFileType = wrapper.framework; name = MediaPlayer.framework; path = System/Library/Frameworks/MediaPlayer.framework; sourceTree = SDKROOT; };
		A11FD3471BF12DF500A83FDB /* MapViewController.swift */ = {isa = PBXFileReference; fileEncoding = 4; lastKnownFileType = sourcecode.swift; path = MapViewController.swift; sourceTree = "<group>"; };
		A11FD3491BF12EF300A83FDB /* MapEpisodeAnnotation.swift */ = {isa = PBXFileReference; fileEncoding = 4; lastKnownFileType = sourcecode.swift; path = MapEpisodeAnnotation.swift; sourceTree = "<group>"; };
		A18035871BF17363003BC7F5 /* User.swift */ = {isa = PBXFileReference; fileEncoding = 4; lastKnownFileType = sourcecode.swift; path = User.swift; sourceTree = "<group>"; };
		A18035891BF27BC1003BC7F5 /* TagLocationController.swift */ = {isa = PBXFileReference; fileEncoding = 4; lastKnownFileType = sourcecode.swift; path = TagLocationController.swift; sourceTree = "<group>"; };
		A180358B1BF29F22003BC7F5 /* TagManager.swift */ = {isa = PBXFileReference; fileEncoding = 4; lastKnownFileType = sourcecode.swift; path = TagManager.swift; sourceTree = "<group>"; };
		A180358D1BF2AE0F003BC7F5 /* PodcastPlayer.swift */ = {isa = PBXFileReference; fileEncoding = 4; lastKnownFileType = sourcecode.swift; path = PodcastPlayer.swift; sourceTree = "<group>"; };
		A18035931BF2B677003BC7F5 /* AudioToolbox.framework */ = {isa = PBXFileReference; lastKnownFileType = wrapper.framework; name = AudioToolbox.framework; path = System/Library/Frameworks/AudioToolbox.framework; sourceTree = SDKROOT; };
		A18035951BF2B67F003BC7F5 /* CFNetwork.framework */ = {isa = PBXFileReference; lastKnownFileType = wrapper.framework; name = CFNetwork.framework; path = System/Library/Frameworks/CFNetwork.framework; sourceTree = SDKROOT; };
		A18035971BF2B685003BC7F5 /* CoreGraphics.framework */ = {isa = PBXFileReference; lastKnownFileType = wrapper.framework; name = CoreGraphics.framework; path = System/Library/Frameworks/CoreGraphics.framework; sourceTree = SDKROOT; };
		A18035991BF2B68B003BC7F5 /* CoreLocation.framework */ = {isa = PBXFileReference; lastKnownFileType = wrapper.framework; name = CoreLocation.framework; path = System/Library/Frameworks/CoreLocation.framework; sourceTree = SDKROOT; };
		A180359B1BF2B692003BC7F5 /* QuartzCore.framework */ = {isa = PBXFileReference; lastKnownFileType = wrapper.framework; name = QuartzCore.framework; path = System/Library/Frameworks/QuartzCore.framework; sourceTree = SDKROOT; };
		A180359D1BF2B69A003BC7F5 /* Security.framework */ = {isa = PBXFileReference; lastKnownFileType = wrapper.framework; name = Security.framework; path = System/Library/Frameworks/Security.framework; sourceTree = SDKROOT; };
		A180359F1BF2B69F003BC7F5 /* StoreKit.framework */ = {isa = PBXFileReference; lastKnownFileType = wrapper.framework; name = StoreKit.framework; path = System/Library/Frameworks/StoreKit.framework; sourceTree = SDKROOT; };
		A18035A11BF2B6A7003BC7F5 /* SystemConfiguration.framework */ = {isa = PBXFileReference; lastKnownFileType = wrapper.framework; name = SystemConfiguration.framework; path = System/Library/Frameworks/SystemConfiguration.framework; sourceTree = SDKROOT; };
		A18035A31BF2B6AE003BC7F5 /* libz.tbd */ = {isa = PBXFileReference; lastKnownFileType = "sourcecode.text-based-dylib-definition"; name = libz.tbd; path = usr/lib/libz.tbd; sourceTree = SDKROOT; };
		A18035A51BF2B6B6003BC7F5 /* libsqlite3.tbd */ = {isa = PBXFileReference; lastKnownFileType = "sourcecode.text-based-dylib-definition"; name = libsqlite3.tbd; path = usr/lib/libsqlite3.tbd; sourceTree = SDKROOT; };
		A19873621BF80488001A16EA /* MapPopupView.swift */ = {isa = PBXFileReference; fileEncoding = 4; lastKnownFileType = sourcecode.swift; path = MapPopupView.swift; sourceTree = "<group>"; };
		A1BF697F1BF3EF7800DF6B7C /* LocationCell.swift */ = {isa = PBXFileReference; fileEncoding = 4; lastKnownFileType = sourcecode.swift; path = LocationCell.swift; sourceTree = "<group>"; };
		A1D3D97F1BF537BA002FE51D /* Subscription.swift */ = {isa = PBXFileReference; fileEncoding = 4; lastKnownFileType = sourcecode.swift; path = Subscription.swift; sourceTree = "<group>"; };
		A1D3D9811BF68A6E002FE51D /* PodcastSummaryCell.swift */ = {isa = PBXFileReference; fileEncoding = 4; lastKnownFileType = sourcecode.swift; path = PodcastSummaryCell.swift; sourceTree = "<group>"; };
		A1D3D9831BF7D3EE002FE51D /* MapAnnotationView.swift */ = {isa = PBXFileReference; fileEncoding = 4; lastKnownFileType = sourcecode.swift; path = MapAnnotationView.swift; sourceTree = "<group>"; };
		C9B42BB3134B9EDF09B1394D /* Pods_Geocast.framework */ = {isa = PBXFileReference; explicitFileType = wrapper.framework; includeInIndex = 0; path = Pods_Geocast.framework; sourceTree = BUILT_PRODUCTS_DIR; };
		F3D9CDE51A8A2C656824AFD3 /* Pods-Geocast.release.xcconfig */ = {isa = PBXFileReference; includeInIndex = 1; lastKnownFileType = text.xcconfig; name = "Pods-Geocast.release.xcconfig"; path = "Pods/Target Support Files/Pods-Geocast/Pods-Geocast.release.xcconfig"; sourceTree = "<group>"; };
		FB4F89D4D9007C899528F0E1 /* Pods-Geocast.debug.xcconfig */ = {isa = PBXFileReference; includeInIndex = 1; lastKnownFileType = text.xcconfig; name = "Pods-Geocast.debug.xcconfig"; path = "Pods/Target Support Files/Pods-Geocast/Pods-Geocast.debug.xcconfig"; sourceTree = "<group>"; };
/* End PBXFileReference section */

/* Begin PBXFrameworksBuildPhase section */
		A11FD3091BEC05D500A83FDB /* Frameworks */ = {
			isa = PBXFrameworksBuildPhase;
			buildActionMask = 2147483647;
			files = (
				A18035A61BF2B6B6003BC7F5 /* libsqlite3.tbd in Frameworks */,
				A18035A41BF2B6AE003BC7F5 /* libz.tbd in Frameworks */,
				A18035A21BF2B6A7003BC7F5 /* SystemConfiguration.framework in Frameworks */,
				A18035A01BF2B69F003BC7F5 /* StoreKit.framework in Frameworks */,
				A180359E1BF2B69A003BC7F5 /* Security.framework in Frameworks */,
				A180359C1BF2B692003BC7F5 /* QuartzCore.framework in Frameworks */,
				A180359A1BF2B68B003BC7F5 /* CoreLocation.framework in Frameworks */,
				A18035981BF2B685003BC7F5 /* CoreGraphics.framework in Frameworks */,
				A18035961BF2B67F003BC7F5 /* CFNetwork.framework in Frameworks */,
				A18035941BF2B677003BC7F5 /* AudioToolbox.framework in Frameworks */,
				A11FD3461BF10E8C00A83FDB /* MediaPlayer.framework in Frameworks */,
				D326565350FA11D3EEF9E566 /* Pods_Geocast.framework in Frameworks */,
			);
			runOnlyForDeploymentPostprocessing = 0;
		};
		A11FD31E1BEC05D500A83FDB /* Frameworks */ = {
			isa = PBXFrameworksBuildPhase;
			buildActionMask = 2147483647;
			files = (
			);
			runOnlyForDeploymentPostprocessing = 0;
		};
/* End PBXFrameworksBuildPhase section */

/* Begin PBXGroup section */
		027D15922392A8C5071EDCE0 /* Pods */ = {
			isa = PBXGroup;
			children = (
				FB4F89D4D9007C899528F0E1 /* Pods-Geocast.debug.xcconfig */,
				F3D9CDE51A8A2C656824AFD3 /* Pods-Geocast.release.xcconfig */,
			);
			name = Pods;
			sourceTree = "<group>";
		};
		33DAD8341BF805BC000BB581 /* Images */ = {
			isa = PBXGroup;
			children = (
				33DAD8351BF805BC000BB581 /* NearMe-100.png */,
				33DAD8361BF805BC000BB581 /* NearMe.png */,
				33DAD8371BF805BC000BB581 /* NearMe@2x.png */,
				33DAD8381BF805BC000BB581 /* NearMe@3x.png */,
				33DAD83D1BF80671000BB581 /* Play-100.png */,
				33DAD83E1BF80671000BB581 /* Play.png */,
				33DAD83F1BF80671000BB581 /* Play@2x.png */,
				33DAD8401BF80671000BB581 /* Play@3x.png */,
				33DAD8451BF80679000BB581 /* Audio File-100.png */,
				33DAD8461BF80679000BB581 /* AudioFile.png */,
				33DAD8471BF80679000BB581 /* AudioFile@2x.png */,
				33DAD8481BF80679000BB581 /* AudioFile@3x.png */,
			);
			path = Images;
			sourceTree = "<group>";
		};
		7AC4AA4BA793B673FF7E2034 /* Frameworks */ = {
			isa = PBXGroup;
			children = (
				C9B42BB3134B9EDF09B1394D /* Pods_Geocast.framework */,
			);
			name = Frameworks;
			sourceTree = "<group>";
		};
		A11FD3031BEC05D500A83FDB = {
			isa = PBXGroup;
			children = (
				A18035A51BF2B6B6003BC7F5 /* libsqlite3.tbd */,
				A18035A31BF2B6AE003BC7F5 /* libz.tbd */,
				A18035A11BF2B6A7003BC7F5 /* SystemConfiguration.framework */,
				A180359F1BF2B69F003BC7F5 /* StoreKit.framework */,
				A180359D1BF2B69A003BC7F5 /* Security.framework */,
				A180359B1BF2B692003BC7F5 /* QuartzCore.framework */,
				A18035991BF2B68B003BC7F5 /* CoreLocation.framework */,
				A18035971BF2B685003BC7F5 /* CoreGraphics.framework */,
				A18035951BF2B67F003BC7F5 /* CFNetwork.framework */,
				A18035931BF2B677003BC7F5 /* AudioToolbox.framework */,
				A11FD3451BF10E8C00A83FDB /* MediaPlayer.framework */,
				A11FD30E1BEC05D500A83FDB /* Geocast */,
				A11FD3241BEC05D500A83FDB /* GeocastTests */,
				A11FD30D1BEC05D500A83FDB /* Products */,
				027D15922392A8C5071EDCE0 /* Pods */,
				7AC4AA4BA793B673FF7E2034 /* Frameworks */,
			);
			sourceTree = "<group>";
		};
		A11FD30D1BEC05D500A83FDB /* Products */ = {
			isa = PBXGroup;
			children = (
				A11FD30C1BEC05D500A83FDB /* Geocast.app */,
				A11FD3211BEC05D500A83FDB /* GeocastTests.xctest */,
			);
			name = Products;
			sourceTree = "<group>";
		};
		A11FD30E1BEC05D500A83FDB /* Geocast */ = {
			isa = PBXGroup;
			children = (
				33DAD8341BF805BC000BB581 /* Images */,
				A11FD3111BEC05D500A83FDB /* AppDelegate.swift */,
				A11FD3331BEC068900A83FDB /* MainTabController.swift */,
				A11FD3151BEC05D500A83FDB /* Main.storyboard */,
				A1D3D9811BF68A6E002FE51D /* PodcastSummaryCell.swift */,
				A180358B1BF29F22003BC7F5 /* TagManager.swift */,
				A18035891BF27BC1003BC7F5 /* TagLocationController.swift */,
				33DAD8511BFBAB9E000BB581 /* Reachability.swift */,
				A1BF697F1BF3EF7800DF6B7C /* LocationCell.swift */,
				A11FD3491BF12EF300A83FDB /* MapEpisodeAnnotation.swift */,
				A1D3D9831BF7D3EE002FE51D /* MapAnnotationView.swift */,
				A180358D1BF2AE0F003BC7F5 /* PodcastPlayer.swift */,
				A11FD3471BF12DF500A83FDB /* MapViewController.swift */,
				33DAD84F1BFAB599000BB581 /* TaggedEpisodeCell.swift */,
				A19873621BF80488001A16EA /* MapPopupView.swift */,
				A11FD3411BF0032500A83FDB /* PodcastSearchViewController.swift */,
				A11FD3431BF0154D00A83FDB /* PodcastCell.swift */,
				33DAD84D1BF80DFB000BB581 /* NoPodcastsCell.swift */,
				33DAD8311BF42AAE000BB581 /* EpisodeCell.swift */,
				A11FD33D1BEC39EA00A83FDB /* EpisodesViewController.swift */,
				A11FD3391BEC317E00A83FDB /* APIController.swift */,
				A18035871BF17363003BC7F5 /* User.swift */,
				A1D3D97F1BF537BA002FE51D /* Subscription.swift */,
				A11FD33B1BEC330600A83FDB /* Podcast.swift */,
				A11FD33F1BEFEB9600A83FDB /* Episode.swift */,
				A11FD3351BEC070800A83FDB /* PlayerViewController.swift */,
				A11FD3371BEC077500A83FDB /* PodcastsViewController.swift */,
				A11FD3181BEC05D500A83FDB /* Images.xcassets */,
				A11FD31A1BEC05D500A83FDB /* LaunchScreen.xib */,
				A11FD30F1BEC05D500A83FDB /* Supporting Files */,
			);
			path = Geocast;
			sourceTree = "<group>";
		};
		A11FD30F1BEC05D500A83FDB /* Supporting Files */ = {
			isa = PBXGroup;
			children = (
				A11FD3101BEC05D500A83FDB /* Info.plist */,
			);
			name = "Supporting Files";
			sourceTree = "<group>";
		};
		A11FD3241BEC05D500A83FDB /* GeocastTests */ = {
			isa = PBXGroup;
			children = (
				A11FD3271BEC05D500A83FDB /* GeocastTests.swift */,
				A11FD3251BEC05D500A83FDB /* Supporting Files */,
			);
			path = GeocastTests;
			sourceTree = "<group>";
		};
		A11FD3251BEC05D500A83FDB /* Supporting Files */ = {
			isa = PBXGroup;
			children = (
				A11FD3261BEC05D500A83FDB /* Info.plist */,
			);
			name = "Supporting Files";
			sourceTree = "<group>";
		};
/* End PBXGroup section */

/* Begin PBXNativeTarget section */
		A11FD30B1BEC05D500A83FDB /* Geocast */ = {
			isa = PBXNativeTarget;
			buildConfigurationList = A11FD32B1BEC05D500A83FDB /* Build configuration list for PBXNativeTarget "Geocast" */;
			buildPhases = (
				B5EEC55CF01DF47D04336AB9 /* Check Pods Manifest.lock */,
				A11FD3081BEC05D500A83FDB /* Sources */,
				A11FD3091BEC05D500A83FDB /* Frameworks */,
				A11FD30A1BEC05D500A83FDB /* Resources */,
				EDB075D178DEB07CEE6F5A67 /* Embed Pods Frameworks */,
				18DFC0D9FFAAD50913D41248 /* Copy Pods Resources */,
				33DAD8331BF7DE38000BB581 /* ShellScript */,
			);
			buildRules = (
			);
			dependencies = (
			);
			name = Geocast;
			productName = Geocast;
			productReference = A11FD30C1BEC05D500A83FDB /* Geocast.app */;
			productType = "com.apple.product-type.application";
		};
		A11FD3201BEC05D500A83FDB /* GeocastTests */ = {
			isa = PBXNativeTarget;
			buildConfigurationList = A11FD32E1BEC05D500A83FDB /* Build configuration list for PBXNativeTarget "GeocastTests" */;
			buildPhases = (
				A11FD31D1BEC05D500A83FDB /* Sources */,
				A11FD31E1BEC05D500A83FDB /* Frameworks */,
				A11FD31F1BEC05D500A83FDB /* Resources */,
			);
			buildRules = (
			);
			dependencies = (
				A11FD3231BEC05D500A83FDB /* PBXTargetDependency */,
			);
			name = GeocastTests;
			productName = GeocastTests;
			productReference = A11FD3211BEC05D500A83FDB /* GeocastTests.xctest */;
			productType = "com.apple.product-type.bundle.unit-test";
		};
/* End PBXNativeTarget section */

/* Begin PBXProject section */
		A11FD3041BEC05D500A83FDB /* Project object */ = {
			isa = PBXProject;
			attributes = {
				LastSwiftMigration = 0710;
				LastSwiftUpdateCheck = 0710;
				LastUpgradeCheck = 0640;
				ORGANIZATIONNAME = "Andrew Brown";
				TargetAttributes = {
					A11FD30B1BEC05D500A83FDB = {
						CreatedOnToolsVersion = 6.4;
					};
					A11FD3201BEC05D500A83FDB = {
						CreatedOnToolsVersion = 6.4;
						TestTargetID = A11FD30B1BEC05D500A83FDB;
					};
				};
			};
			buildConfigurationList = A11FD3071BEC05D500A83FDB /* Build configuration list for PBXProject "Geocast" */;
			compatibilityVersion = "Xcode 3.2";
			developmentRegion = English;
			hasScannedForEncodings = 0;
			knownRegions = (
				en,
				Base,
			);
			mainGroup = A11FD3031BEC05D500A83FDB;
			productRefGroup = A11FD30D1BEC05D500A83FDB /* Products */;
			projectDirPath = "";
			projectRoot = "";
			targets = (
				A11FD30B1BEC05D500A83FDB /* Geocast */,
				A11FD3201BEC05D500A83FDB /* GeocastTests */,
			);
		};
/* End PBXProject section */

/* Begin PBXResourcesBuildPhase section */
		A11FD30A1BEC05D500A83FDB /* Resources */ = {
			isa = PBXResourcesBuildPhase;
			buildActionMask = 2147483647;
			files = (
				33DAD8431BF80671000BB581 /* Play@2x.png in Resources */,
				33DAD84A1BF80679000BB581 /* AudioFile.png in Resources */,
				33DAD8491BF80679000BB581 /* Audio File-100.png in Resources */,
				33DAD8421BF80671000BB581 /* Play.png in Resources */,
				A11FD3171BEC05D500A83FDB /* Main.storyboard in Resources */,
				A11FD31C1BEC05D500A83FDB /* LaunchScreen.xib in Resources */,
				33DAD83B1BF805BD000BB581 /* NearMe@2x.png in Resources */,
				33DAD8411BF80671000BB581 /* Play-100.png in Resources */,
				33DAD8441BF80671000BB581 /* Play@3x.png in Resources */,
				A11FD3191BEC05D500A83FDB /* Images.xcassets in Resources */,
				33DAD84C1BF80679000BB581 /* AudioFile@3x.png in Resources */,
				33DAD83C1BF805BD000BB581 /* NearMe@3x.png in Resources */,
				33DAD84B1BF80679000BB581 /* AudioFile@2x.png in Resources */,
				33DAD8391BF805BC000BB581 /* NearMe-100.png in Resources */,
				33DAD83A1BF805BD000BB581 /* NearMe.png in Resources */,
			);
			runOnlyForDeploymentPostprocessing = 0;
		};
		A11FD31F1BEC05D500A83FDB /* Resources */ = {
			isa = PBXResourcesBuildPhase;
			buildActionMask = 2147483647;
			files = (
			);
			runOnlyForDeploymentPostprocessing = 0;
		};
/* End PBXResourcesBuildPhase section */

/* Begin PBXShellScriptBuildPhase section */
		18DFC0D9FFAAD50913D41248 /* Copy Pods Resources */ = {
			isa = PBXShellScriptBuildPhase;
			buildActionMask = 2147483647;
			files = (
			);
			inputPaths = (
			);
			name = "Copy Pods Resources";
			outputPaths = (
			);
			runOnlyForDeploymentPostprocessing = 0;
			shellPath = /bin/sh;
			shellScript = "\"${SRCROOT}/Pods/Target Support Files/Pods-Geocast/Pods-Geocast-resources.sh\"\n";
			showEnvVarsInLog = 0;
		};
		33DAD8331BF7DE38000BB581 /* ShellScript */ = {
			isa = PBXShellScriptBuildPhase;
			buildActionMask = 2147483647;
			files = (
			);
			inputPaths = (
			);
			outputPaths = (
			);
			runOnlyForDeploymentPostprocessing = 0;
			shellPath = /bin/sh;
			shellScript = "\"${PODS_ROOT}/Fabric/Fabric.framework/run\" 7574fdc0b390df4e959d855eff6dd404967dd85d 32ac714201e235b8a24e5848387b1f76b4c3d36170997d03c56d20b39d62032e";
		};
		B5EEC55CF01DF47D04336AB9 /* Check Pods Manifest.lock */ = {
			isa = PBXShellScriptBuildPhase;
			buildActionMask = 2147483647;
			files = (
			);
			inputPaths = (
			);
			name = "Check Pods Manifest.lock";
			outputPaths = (
			);
			runOnlyForDeploymentPostprocessing = 0;
			shellPath = /bin/sh;
			shellScript = "diff \"${PODS_ROOT}/../Podfile.lock\" \"${PODS_ROOT}/Manifest.lock\" > /dev/null\nif [[ $? != 0 ]] ; then\n    cat << EOM\nerror: The sandbox is not in sync with the Podfile.lock. Run 'pod install' or update your CocoaPods installation.\nEOM\n    exit 1\nfi\n";
			showEnvVarsInLog = 0;
		};
		EDB075D178DEB07CEE6F5A67 /* Embed Pods Frameworks */ = {
			isa = PBXShellScriptBuildPhase;
			buildActionMask = 2147483647;
			files = (
			);
			inputPaths = (
			);
			name = "Embed Pods Frameworks";
			outputPaths = (
			);
			runOnlyForDeploymentPostprocessing = 0;
			shellPath = /bin/sh;
			shellScript = "\"${SRCROOT}/Pods/Target Support Files/Pods-Geocast/Pods-Geocast-frameworks.sh\"\n";
			showEnvVarsInLog = 0;
		};
/* End PBXShellScriptBuildPhase section */

/* Begin PBXSourcesBuildPhase section */
		A11FD3081BEC05D500A83FDB /* Sources */ = {
			isa = PBXSourcesBuildPhase;
			buildActionMask = 2147483647;
			files = (
				A18035881BF17363003BC7F5 /* User.swift in Sources */,
				A11FD3481BF12DF500A83FDB /* MapViewController.swift in Sources */,
				A19873631BF80488001A16EA /* MapPopupView.swift in Sources */,
				A11FD33C1BEC330600A83FDB /* Podcast.swift in Sources */,
				A11FD3401BEFEB9600A83FDB /* Episode.swift in Sources */,
				A1D3D9801BF537BA002FE51D /* Subscription.swift in Sources */,
				A1BF69801BF3EF7800DF6B7C /* LocationCell.swift in Sources */,
				33DAD8501BFAB599000BB581 /* TaggedEpisodeCell.swift in Sources */,
				A1D3D9841BF7D3EE002FE51D /* MapAnnotationView.swift in Sources */,
				33DAD84E1BF80DFB000BB581 /* NoPodcastsCell.swift in Sources */,
				A11FD34A1BF12EF300A83FDB /* MapEpisodeAnnotation.swift in Sources */,
				A11FD3441BF0154D00A83FDB /* PodcastCell.swift in Sources */,
				A11FD33E1BEC39EA00A83FDB /* EpisodesViewController.swift in Sources */,
				A180358C1BF29F22003BC7F5 /* TagManager.swift in Sources */,
				A11FD3421BF0032500A83FDB /* PodcastSearchViewController.swift in Sources */,
				A180358E1BF2AE0F003BC7F5 /* PodcastPlayer.swift in Sources */,
				A11FD3361BEC070800A83FDB /* PlayerViewController.swift in Sources */,
				A11FD33A1BEC317E00A83FDB /* APIController.swift in Sources */,
				A11FD3121BEC05D500A83FDB /* AppDelegate.swift in Sources */,
				A180358A1BF27BC1003BC7F5 /* TagLocationController.swift in Sources */,
				A11FD3381BEC077500A83FDB /* PodcastsViewController.swift in Sources */,
				A11FD3341BEC068900A83FDB /* MainTabController.swift in Sources */,
				33DAD8321BF42AAE000BB581 /* EpisodeCell.swift in Sources */,
				33DAD8521BFBAB9E000BB581 /* Reachability.swift in Sources */,
				A1D3D9821BF68A6E002FE51D /* PodcastSummaryCell.swift in Sources */,
			);
			runOnlyForDeploymentPostprocessing = 0;
		};
		A11FD31D1BEC05D500A83FDB /* Sources */ = {
			isa = PBXSourcesBuildPhase;
			buildActionMask = 2147483647;
			files = (
				A11FD3281BEC05D500A83FDB /* GeocastTests.swift in Sources */,
			);
			runOnlyForDeploymentPostprocessing = 0;
		};
/* End PBXSourcesBuildPhase section */

/* Begin PBXTargetDependency section */
		A11FD3231BEC05D500A83FDB /* PBXTargetDependency */ = {
			isa = PBXTargetDependency;
			target = A11FD30B1BEC05D500A83FDB /* Geocast */;
			targetProxy = A11FD3221BEC05D500A83FDB /* PBXContainerItemProxy */;
		};
/* End PBXTargetDependency section */

/* Begin PBXVariantGroup section */
		A11FD3151BEC05D500A83FDB /* Main.storyboard */ = {
			isa = PBXVariantGroup;
			children = (
				A11FD3161BEC05D500A83FDB /* Base */,
			);
			name = Main.storyboard;
			sourceTree = "<group>";
		};
		A11FD31A1BEC05D500A83FDB /* LaunchScreen.xib */ = {
			isa = PBXVariantGroup;
			children = (
				A11FD31B1BEC05D500A83FDB /* Base */,
			);
			name = LaunchScreen.xib;
			sourceTree = "<group>";
		};
/* End PBXVariantGroup section */

/* Begin XCBuildConfiguration section */
		A11FD3291BEC05D500A83FDB /* Debug */ = {
			isa = XCBuildConfiguration;
			buildSettings = {
				ALWAYS_SEARCH_USER_PATHS = NO;
				CLANG_CXX_LANGUAGE_STANDARD = "gnu++0x";
				CLANG_CXX_LIBRARY = "libc++";
				CLANG_ENABLE_MODULES = YES;
				CLANG_ENABLE_OBJC_ARC = YES;
				CLANG_WARN_BOOL_CONVERSION = YES;
				CLANG_WARN_CONSTANT_CONVERSION = YES;
				CLANG_WARN_DIRECT_OBJC_ISA_USAGE = YES_ERROR;
				CLANG_WARN_EMPTY_BODY = YES;
				CLANG_WARN_ENUM_CONVERSION = YES;
				CLANG_WARN_INT_CONVERSION = YES;
				CLANG_WARN_OBJC_ROOT_CLASS = YES_ERROR;
				CLANG_WARN_UNREACHABLE_CODE = YES;
				CLANG_WARN__DUPLICATE_METHOD_MATCH = YES;
				"CODE_SIGN_IDENTITY[sdk=iphoneos*]" = "iPhone Developer";
				COPY_PHASE_STRIP = NO;
				DEBUG_INFORMATION_FORMAT = "dwarf-with-dsym";
				ENABLE_STRICT_OBJC_MSGSEND = YES;
				GCC_C_LANGUAGE_STANDARD = gnu99;
				GCC_DYNAMIC_NO_PIC = NO;
				GCC_NO_COMMON_BLOCKS = YES;
				GCC_OPTIMIZATION_LEVEL = 0;
				GCC_PREPROCESSOR_DEFINITIONS = (
					"DEBUG=1",
					"$(inherited)",
				);
				GCC_SYMBOLS_PRIVATE_EXTERN = NO;
				GCC_WARN_64_TO_32_BIT_CONVERSION = YES;
				GCC_WARN_ABOUT_RETURN_TYPE = YES_ERROR;
				GCC_WARN_UNDECLARED_SELECTOR = YES;
				GCC_WARN_UNINITIALIZED_AUTOS = YES_AGGRESSIVE;
				GCC_WARN_UNUSED_FUNCTION = YES;
				GCC_WARN_UNUSED_VARIABLE = YES;
				IPHONEOS_DEPLOYMENT_TARGET = 8.4;
				MTL_ENABLE_DEBUG_INFO = YES;
				ONLY_ACTIVE_ARCH = YES;
				SDKROOT = iphoneos;
				SWIFT_OPTIMIZATION_LEVEL = "-Onone";
			};
			name = Debug;
		};
		A11FD32A1BEC05D500A83FDB /* Release */ = {
			isa = XCBuildConfiguration;
			buildSettings = {
				ALWAYS_SEARCH_USER_PATHS = NO;
				CLANG_CXX_LANGUAGE_STANDARD = "gnu++0x";
				CLANG_CXX_LIBRARY = "libc++";
				CLANG_ENABLE_MODULES = YES;
				CLANG_ENABLE_OBJC_ARC = YES;
				CLANG_WARN_BOOL_CONVERSION = YES;
				CLANG_WARN_CONSTANT_CONVERSION = YES;
				CLANG_WARN_DIRECT_OBJC_ISA_USAGE = YES_ERROR;
				CLANG_WARN_EMPTY_BODY = YES;
				CLANG_WARN_ENUM_CONVERSION = YES;
				CLANG_WARN_INT_CONVERSION = YES;
				CLANG_WARN_OBJC_ROOT_CLASS = YES_ERROR;
				CLANG_WARN_UNREACHABLE_CODE = YES;
				CLANG_WARN__DUPLICATE_METHOD_MATCH = YES;
				"CODE_SIGN_IDENTITY[sdk=iphoneos*]" = "iPhone Developer";
				COPY_PHASE_STRIP = NO;
				DEBUG_INFORMATION_FORMAT = "dwarf-with-dsym";
				ENABLE_NS_ASSERTIONS = NO;
				ENABLE_STRICT_OBJC_MSGSEND = YES;
				GCC_C_LANGUAGE_STANDARD = gnu99;
				GCC_NO_COMMON_BLOCKS = YES;
				GCC_WARN_64_TO_32_BIT_CONVERSION = YES;
				GCC_WARN_ABOUT_RETURN_TYPE = YES_ERROR;
				GCC_WARN_UNDECLARED_SELECTOR = YES;
				GCC_WARN_UNINITIALIZED_AUTOS = YES_AGGRESSIVE;
				GCC_WARN_UNUSED_FUNCTION = YES;
				GCC_WARN_UNUSED_VARIABLE = YES;
				IPHONEOS_DEPLOYMENT_TARGET = 8.4;
				MTL_ENABLE_DEBUG_INFO = NO;
				SDKROOT = iphoneos;
				VALIDATE_PRODUCT = YES;
			};
			name = Release;
		};
		A11FD32C1BEC05D500A83FDB /* Debug */ = {
			isa = XCBuildConfiguration;
			baseConfigurationReference = FB4F89D4D9007C899528F0E1 /* Pods-Geocast.debug.xcconfig */;
			buildSettings = {
				ASSETCATALOG_COMPILER_APPICON_NAME = AppIcon;
				FRAMEWORK_SEARCH_PATHS = (
					"$(inherited)",
					"$(PROJECT_DIR)",
				);
				INFOPLIST_FILE = Geocast/Info.plist;
				LD_RUNPATH_SEARCH_PATHS = "$(inherited) @executable_path/Frameworks";
				PRODUCT_NAME = "$(TARGET_NAME)";
			};
			name = Debug;
		};
		A11FD32D1BEC05D500A83FDB /* Release */ = {
			isa = XCBuildConfiguration;
			baseConfigurationReference = F3D9CDE51A8A2C656824AFD3 /* Pods-Geocast.release.xcconfig */;
			buildSettings = {
				ASSETCATALOG_COMPILER_APPICON_NAME = AppIcon;
				FRAMEWORK_SEARCH_PATHS = (
					"$(inherited)",
					"$(PROJECT_DIR)",
				);
				INFOPLIST_FILE = Geocast/Info.plist;
				LD_RUNPATH_SEARCH_PATHS = "$(inherited) @executable_path/Frameworks";
				PRODUCT_NAME = "$(TARGET_NAME)";
			};
			name = Release;
		};
		A11FD32F1BEC05D500A83FDB /* Debug */ = {
			isa = XCBuildConfiguration;
			buildSettings = {
				BUNDLE_LOADER = "$(TEST_HOST)";
				FRAMEWORK_SEARCH_PATHS = (
					"$(SDKROOT)/Developer/Library/Frameworks",
					"$(inherited)",
				);
				GCC_PREPROCESSOR_DEFINITIONS = (
					"DEBUG=1",
					"$(inherited)",
				);
				INFOPLIST_FILE = GeocastTests/Info.plist;
				LD_RUNPATH_SEARCH_PATHS = "$(inherited) @executable_path/Frameworks @loader_path/Frameworks";
				PRODUCT_NAME = "$(TARGET_NAME)";
				TEST_HOST = "$(BUILT_PRODUCTS_DIR)/Geocast.app/Geocast";
			};
			name = Debug;
		};
		A11FD3301BEC05D500A83FDB /* Release */ = {
			isa = XCBuildConfiguration;
			buildSettings = {
				BUNDLE_LOADER = "$(TEST_HOST)";
				FRAMEWORK_SEARCH_PATHS = (
					"$(SDKROOT)/Developer/Library/Frameworks",
					"$(inherited)",
				);
				INFOPLIST_FILE = GeocastTests/Info.plist;
				LD_RUNPATH_SEARCH_PATHS = "$(inherited) @executable_path/Frameworks @loader_path/Frameworks";
				PRODUCT_NAME = "$(TARGET_NAME)";
				TEST_HOST = "$(BUILT_PRODUCTS_DIR)/Geocast.app/Geocast";
			};
			name = Release;
		};
/* End XCBuildConfiguration section */

/* Begin XCConfigurationList section */
		A11FD3071BEC05D500A83FDB /* Build configuration list for PBXProject "Geocast" */ = {
			isa = XCConfigurationList;
			buildConfigurations = (
				A11FD3291BEC05D500A83FDB /* Debug */,
				A11FD32A1BEC05D500A83FDB /* Release */,
			);
			defaultConfigurationIsVisible = 0;
			defaultConfigurationName = Release;
		};
		A11FD32B1BEC05D500A83FDB /* Build configuration list for PBXNativeTarget "Geocast" */ = {
			isa = XCConfigurationList;
			buildConfigurations = (
				A11FD32C1BEC05D500A83FDB /* Debug */,
				A11FD32D1BEC05D500A83FDB /* Release */,
			);
			defaultConfigurationIsVisible = 0;
			defaultConfigurationName = Release;
		};
		A11FD32E1BEC05D500A83FDB /* Build configuration list for PBXNativeTarget "GeocastTests" */ = {
			isa = XCConfigurationList;
			buildConfigurations = (
				A11FD32F1BEC05D500A83FDB /* Debug */,
				A11FD3301BEC05D500A83FDB /* Release */,
			);
			defaultConfigurationIsVisible = 0;
			defaultConfigurationName = Release;
		};
/* End XCConfigurationList section */
	};
	rootObject = A11FD3041BEC05D500A83FDB /* Project object */;
}
